
Microsoft Visual Studio Solution File, Format Version 12.00
# Visual Studio Version 16
VisualStudioVersion = 16.0.31911.196
MinimumVisualStudioVersion = 10.0.40219.1
Project("{FAE04EC0-301F-11D3-BF4B-00C04F79EFBC}") = "Product_Service", "Product_Service.csproj", "{4477B09E-E621-4347-8324-7DD8CDC91032}"
EndProject
Global
	GlobalSection(SolutionConfigurationPlatforms) = preSolution
		Debug|Any CPU = Debug|Any CPU
		Release|Any CPU = Release|Any CPU
	EndGlobalSection
	GlobalSection(ProjectConfigurationPlatforms) = postSolution
		{4477B09E-E621-4347-8324-7DD8CDC91032}.Debug|Any CPU.ActiveCfg = Debug|Any CPU
		{4477B09E-E621-4347-8324-7DD8CDC91032}.Debug|Any CPU.Build.0 = Debug|Any CPU
		{4477B09E-E621-4347-8324-7DD8CDC91032}.Release|Any CPU.ActiveCfg = Release|Any CPU
		{4477B09E-E621-4347-8324-7DD8CDC91032}.Release|Any CPU.Build.0 = Release|Any CPU
	EndGlobalSection
	GlobalSection(SolutionProperties) = preSolution
		HideSolutionNode = FALSE
	EndGlobalSection
	GlobalSection(ExtensibilityGlobals) = postSolution
		SolutionGuid = {ECFEEF08-559D-4788-91F2-86E4D1ED45C9}
	EndGlobalSection
EndGlobal
