
Microsoft Visual Studio Solution File, Format Version 12.00
# Visual Studio Version 16
VisualStudioVersion = 16.0.31911.196
MinimumVisualStudioVersion = 10.0.40219.1
Project("{FAE04EC0-301F-11D3-BF4B-00C04F79EFBC}") = "Product_Client_App", "Product_Client_App.csproj", "{CD63329D-5C19-4125-B47E-2324946C885C}"
EndProject
Global
	GlobalSection(SolutionConfigurationPlatforms) = preSolution
		Debug|Any CPU = Debug|Any CPU
		Release|Any CPU = Release|Any CPU
	EndGlobalSection
	GlobalSection(ProjectConfigurationPlatforms) = postSolution
		{CD63329D-5C19-4125-B47E-2324946C885C}.Debug|Any CPU.ActiveCfg = Debug|Any CPU
		{CD63329D-5C19-4125-B47E-2324946C885C}.Debug|Any CPU.Build.0 = Debug|Any CPU
		{CD63329D-5C19-4125-B47E-2324946C885C}.Release|Any CPU.ActiveCfg = Release|Any CPU
		{CD63329D-5C19-4125-B47E-2324946C885C}.Release|Any CPU.Build.0 = Release|Any CPU
	EndGlobalSection
	GlobalSection(SolutionProperties) = preSolution
		HideSolutionNode = FALSE
	EndGlobalSection
	GlobalSection(ExtensibilityGlobals) = postSolution
		SolutionGuid = {D543EB99-CB18-456A-9627-3BD865861386}
	EndGlobalSection
EndGlobal
